
Microsoft Visual Studio Solution File, Format Version 12.00
# Visual Studio Version 17
VisualStudioVersion = 17.5.33414.496
MinimumVisualStudioVersion = 10.0.40219.1
Project("{FAE04EC0-301F-11D3-BF4B-00C04F79EFBC}") = "DashBoard", "DashBoard\DashBoard.csproj", "{4E3D39EB-21E9-42C0-B7D2-F011FAB9C4AB}"
EndProject
Project("{FAE04EC0-301F-11D3-BF4B-00C04F79EFBC}") = "Models", "Models\Models.csproj", "{52B6D8F1-FA45-444D-BD75-3BC0AC1A8F4D}"
EndProject
Project("{FAE04EC0-301F-11D3-BF4B-00C04F79EFBC}") = "Infrastructure", "Infrastructure\Infrastructure.csproj", "{283C22E0-B373-4F95-9D0E-70A5776A0A27}"
EndProject
Global
	GlobalSection(SolutionConfigurationPlatforms) = preSolution
		Debug|Any CPU = Debug|Any CPU
		Release|Any CPU = Release|Any CPU
	EndGlobalSection
	GlobalSection(ProjectConfigurationPlatforms) = postSolution
		{4E3D39EB-21E9-42C0-B7D2-F011FAB9C4AB}.Debug|Any CPU.ActiveCfg = Debug|Any CPU
		{4E3D39EB-21E9-42C0-B7D2-F011FAB9C4AB}.Debug|Any CPU.Build.0 = Debug|Any CPU
		{4E3D39EB-21E9-42C0-B7D2-F011FAB9C4AB}.Release|Any CPU.ActiveCfg = Release|Any CPU
		{4E3D39EB-21E9-42C0-B7D2-F011FAB9C4AB}.Release|Any CPU.Build.0 = Release|Any CPU
		{52B6D8F1-FA45-444D-BD75-3BC0AC1A8F4D}.Debug|Any CPU.ActiveCfg = Debug|Any CPU
		{52B6D8F1-FA45-444D-BD75-3BC0AC1A8F4D}.Debug|Any CPU.Build.0 = Debug|Any CPU
		{52B6D8F1-FA45-444D-BD75-3BC0AC1A8F4D}.Release|Any CPU.ActiveCfg = Release|Any CPU
		{52B6D8F1-FA45-444D-BD75-3BC0AC1A8F4D}.Release|Any CPU.Build.0 = Release|Any CPU
		{283C22E0-B373-4F95-9D0E-70A5776A0A27}.Debug|Any CPU.ActiveCfg = Debug|Any CPU
		{283C22E0-B373-4F95-9D0E-70A5776A0A27}.Debug|Any CPU.Build.0 = Debug|Any CPU
		{283C22E0-B373-4F95-9D0E-70A5776A0A27}.Release|Any CPU.ActiveCfg = Release|Any CPU
		{283C22E0-B373-4F95-9D0E-70A5776A0A27}.Release|Any CPU.Build.0 = Release|Any CPU
	EndGlobalSection
	GlobalSection(SolutionProperties) = preSolution
		HideSolutionNode = FALSE
	EndGlobalSection
	GlobalSection(ExtensibilityGlobals) = postSolution
		SolutionGuid = {63366D23-A536-4A70-BAE0-B542EF607934}
	EndGlobalSection
EndGlobal
